
Microsoft Visual Studio Solution File, Format Version 12.00
# Visual Studio 15
VisualStudioVersion = 15.0.28010.2026
MinimumVisualStudioVersion = 10.0.40219.1
Project("{888888A0-9F3D-457C-B088-3A5042F75D52}") = "Text2Mus", "Text2Mus\Text2Mus.pyproj", "{E781B241-393F-4C12-93F4-F76E5DA7E64E}"
EndProject
Global
	GlobalSection(SolutionConfigurationPlatforms) = preSolution
		Debug|Any CPU = Debug|Any CPU
		Release|Any CPU = Release|Any CPU
	EndGlobalSection
	GlobalSection(ProjectConfigurationPlatforms) = postSolution
		{E781B241-393F-4C12-93F4-F76E5DA7E64E}.Debug|Any CPU.ActiveCfg = Debug|Any CPU
		{E781B241-393F-4C12-93F4-F76E5DA7E64E}.Release|Any CPU.ActiveCfg = Release|Any CPU
	EndGlobalSection
	GlobalSection(SolutionProperties) = preSolution
		HideSolutionNode = FALSE
	EndGlobalSection
	GlobalSection(ExtensibilityGlobals) = postSolution
		SolutionGuid = {A294EF2E-E919-47F8-AFA4-4D8BF5481C81}
	EndGlobalSection
EndGlobal
